schema: '2.0'
stages:
  julia_generate_csv_qrcode:
    cmd: julia --project=@. scripts/generate_qrcode.jl
    deps:
    - path: scripts/generate_qrcode.jl
      hash: md5
      md5: 93a1a1a7ae921c5bf3932a463faefc2d
      size: 2095
    outs:
    - path: data/QRCode
      hash: md5
      md5: bb36682b002e2aa6b1dab84c392eb680.dir
      size: 6867
      nfiles: 4
    - path: img/QRCode
      hash: md5
      md5: 7b6061baa68a4745477e2ed073b571f8.dir
      size: 150528
      nfiles: 64
  typst_compile:
    cmd: typst compile test_reply_sheet.typ
    deps:
    - path: data/QRCode
      hash: md5
      md5: bb36682b002e2aa6b1dab84c392eb680.dir
      size: 6867
      nfiles: 4
    - path: img/QRCode
      hash: md5
      md5: 7b6061baa68a4745477e2ed073b571f8.dir
      size: 150528
      nfiles: 64
    - path: test_reply_sheet.typ
      hash: md5
      md5: 4bf60695d19e38d74a40d908b1711b95
      size: 1358
    outs:
    - path: test_reply_sheet.pdf
      hash: md5
      md5: cbe8d00d16be5ab11044b48b31747852
      size: 1166260
  generate_qrcode_group_score:
    cmd: julia --project=@. scripts/generate_qrcode_group_score.jl
    deps:
    - path: scripts/generate_qrcode_group_score.jl
      hash: md5
      md5: e1f00349193bb060b6fe68e3856d7e98
      size: 3472
    - path: student_information.csv
      hash: md5
      md5: a630a116c30f5b832cdaf64f195ba19c
      size: 1773
    outs:
    - path: data/group_qrcode_links.csv
      hash: md5
      md5: cc3e74beca5d8a633c392a2f5b9afe73
      size: 16158
    - path: img/QRCode_InterGroupLinks
      hash: md5
      md5: b3709e93e2674afc50d68fb2afe94f07.dir
      size: 111084
      nfiles: 64
  typst_qrcode_group:
    cmd: typst compile group_score_fill.typ
    deps:
    - path: data/group_qrcode_links.csv
      hash: md5
      md5: cc3e74beca5d8a633c392a2f5b9afe73
      size: 16158
    - path: group_score_fill.typ
      hash: md5
      md5: 6404a6792b822675714bcda8516d06ac
      size: 2439
    outs:
    - path: group_score_fill.pdf
      hash: md5
      md5: 0faae4f2287d7608a1b4181aed326b68
      size: 2192323
  update_quiz_score:
    cmd: julia --project=@. scripts/update_quiz_score.jl
    deps:
    - path: scripts/update_quiz_score.jl
      hash: md5
      md5: d4e31de7b8d1ed33941cf1b84ce73828
      size: 1674
    outs:
    - path: data/quiz_score.csv
      hash: md5
      md5: 81b73bdfa9cb4f89e1591b98a11c8d14
      size: 6642
  send_quiz_score:
    cmd: julia --project=@. scripts/send_quiz_score.jl Python_for_beginners_5-8
    deps:
    - path: data/quiz_score.csv
      hash: md5
      md5: 7469015b04aa9e444446938766ad580b
      size: 3207
    params:
      params.yaml:
        this_test: Python_for_beginners_5-8
  update_group_scores:
    cmd: julia --project=@. scripts/update_group.jl
    deps:
    - path: scripts/update_group.jl
      hash: md5
      md5: 945bc95fa7ea402d3f36c91d71602702
      size: 4238
    outs:
    - path: data/innergroup_score.csv
      hash: md5
      md5: 5e9d121533bc0a6a4a06abc62d45cf6c
      size: 1048
    - path: data/innergroup_with_note.csv
      hash: md5
      md5: 5364d3e254b532ea09c8e0a4bded35bd
      size: 3297
    - path: data/intergroup_score.csv
      hash: md5
      md5: af1581b749ebe4ea969ca2ed9add521c
      size: 148
    - path: data/intergroup_with_note.csv
      hash: md5
      md5: 249d202c7464f9cd9f1eec926edb321e
      size: 3267
  send_group_score:
    cmd: julia --project=@. scripts/send_group_score.jl
    deps:
    - path: data/innergroup_with_note.csv
      hash: md5
      md5: 5364d3e254b532ea09c8e0a4bded35bd
      size: 3297
    - path: data/intergroup_with_note.csv
      hash: md5
      md5: 249d202c7464f9cd9f1eec926edb321e
      size: 3267
  summary_scores:
    cmd: julia --project=@. scripts/summarize_scores.jl
    deps:
    - path: data/innergroup_score.csv
      hash: md5
      md5: 5e9d121533bc0a6a4a06abc62d45cf6c
      size: 1048
    - path: data/intergroup_score.csv
      hash: md5
      md5: af1581b749ebe4ea969ca2ed9add521c
      size: 148
    - path: data/quiz_score.csv
      hash: md5
      md5: 81b73bdfa9cb4f89e1591b98a11c8d14
      size: 6642
    - path: scripts/summarize_scores.jl
      hash: md5
      md5: 4a3e0c1e6ae3f0ff271df92bcabb0176
      size: 1909
    outs:
    - path: data/score_ccc.csv
      hash: md5
      md5: 3111e6f293972641a2a06ad383d82c99
      size: 1789
